
Microsoft Visual Studio Solution File, Format Version 12.00
# Visual Studio Version 17
VisualStudioVersion = 17.8.34316.72
MinimumVisualStudioVersion = 10.0.40219.1
Project("{FAE04EC0-301F-11D3-BF4B-00C04F79EFBC}") = "Entities", "src\Entities\Entities.csproj", "{C6A61799-A520-4590-A564-AE3F421214A4}"
EndProject
Project("{FAE04EC0-301F-11D3-BF4B-00C04F79EFBC}") = "Data", "src\Data\Data.csproj", "{14775DBC-FFD4-4CF3-BA4D-649547F65268}"
EndProject
Project("{2150E333-8FDC-42A3-9474-1A3956D46DE8}") = "00-Entities", "00-Entities", "{E7EAA0DA-8825-4458-AED9-9E3937E67A87}"
EndProject
Project("{2150E333-8FDC-42A3-9474-1A3956D46DE8}") = "02-Infrastructures", "02-Infrastructures", "{9FEED82A-944D-4DDE-B503-125BCCF2DF7B}"
EndProject
Project("{2150E333-8FDC-42A3-9474-1A3956D46DE8}") = "03-EndPoints", "03-EndPoints", "{836618A0-BC1E-4752-9837-416E3043DDA0}"
EndProject
Project("{FAE04EC0-301F-11D3-BF4B-00C04F79EFBC}") = "CustomerUI", "src\CustomerUI\CustomerUI.csproj", "{3B456F2E-6EDD-440C-BF55-7ED18E1061AA}"
EndProject
Project("{FAE04EC0-301F-11D3-BF4B-00C04F79EFBC}") = "AdminUI", "src\AdminUI\AdminUI.csproj", "{41614C74-3083-4E73-97A7-7A411AAAF2AD}"
EndProject
Project("{FAE04EC0-301F-11D3-BF4B-00C04F79EFBC}") = "Contracts", "src\Contracts\Contracts.csproj", "{045415C7-CE5F-4AE8-8CBC-B2C05EFF190B}"
EndProject
Project("{2150E333-8FDC-42A3-9474-1A3956D46DE8}") = "01-Contarcts", "01-Contarcts", "{ECE13AE6-DA0C-4EEC-83C3-45FBF5360025}"
EndProject
Global
	GlobalSection(SolutionConfigurationPlatforms) = preSolution
		Debug|Any CPU = Debug|Any CPU
		Release|Any CPU = Release|Any CPU
	EndGlobalSection
	GlobalSection(ProjectConfigurationPlatforms) = postSolution
		{C6A61799-A520-4590-A564-AE3F421214A4}.Debug|Any CPU.ActiveCfg = Debug|Any CPU
		{C6A61799-A520-4590-A564-AE3F421214A4}.Debug|Any CPU.Build.0 = Debug|Any CPU
		{C6A61799-A520-4590-A564-AE3F421214A4}.Release|Any CPU.ActiveCfg = Release|Any CPU
		{C6A61799-A520-4590-A564-AE3F421214A4}.Release|Any CPU.Build.0 = Release|Any CPU
		{14775DBC-FFD4-4CF3-BA4D-649547F65268}.Debug|Any CPU.ActiveCfg = Debug|Any CPU
		{14775DBC-FFD4-4CF3-BA4D-649547F65268}.Debug|Any CPU.Build.0 = Debug|Any CPU
		{14775DBC-FFD4-4CF3-BA4D-649547F65268}.Release|Any CPU.ActiveCfg = Release|Any CPU
		{14775DBC-FFD4-4CF3-BA4D-649547F65268}.Release|Any CPU.Build.0 = Release|Any CPU
		{3B456F2E-6EDD-440C-BF55-7ED18E1061AA}.Debug|Any CPU.ActiveCfg = Debug|Any CPU
		{3B456F2E-6EDD-440C-BF55-7ED18E1061AA}.Debug|Any CPU.Build.0 = Debug|Any CPU
		{3B456F2E-6EDD-440C-BF55-7ED18E1061AA}.Release|Any CPU.ActiveCfg = Release|Any CPU
		{3B456F2E-6EDD-440C-BF55-7ED18E1061AA}.Release|Any CPU.Build.0 = Release|Any CPU
		{41614C74-3083-4E73-97A7-7A411AAAF2AD}.Debug|Any CPU.ActiveCfg = Debug|Any CPU
		{41614C74-3083-4E73-97A7-7A411AAAF2AD}.Debug|Any CPU.Build.0 = Debug|Any CPU
		{41614C74-3083-4E73-97A7-7A411AAAF2AD}.Release|Any CPU.ActiveCfg = Release|Any CPU
		{41614C74-3083-4E73-97A7-7A411AAAF2AD}.Release|Any CPU.Build.0 = Release|Any CPU
		{045415C7-CE5F-4AE8-8CBC-B2C05EFF190B}.Debug|Any CPU.ActiveCfg = Debug|Any CPU
		{045415C7-CE5F-4AE8-8CBC-B2C05EFF190B}.Debug|Any CPU.Build.0 = Debug|Any CPU
		{045415C7-CE5F-4AE8-8CBC-B2C05EFF190B}.Release|Any CPU.ActiveCfg = Release|Any CPU
		{045415C7-CE5F-4AE8-8CBC-B2C05EFF190B}.Release|Any CPU.Build.0 = Release|Any CPU
	EndGlobalSection
	GlobalSection(SolutionProperties) = preSolution
		HideSolutionNode = FALSE
	EndGlobalSection
	GlobalSection(NestedProjects) = preSolution
		{C6A61799-A520-4590-A564-AE3F421214A4} = {E7EAA0DA-8825-4458-AED9-9E3937E67A87}
		{14775DBC-FFD4-4CF3-BA4D-649547F65268} = {9FEED82A-944D-4DDE-B503-125BCCF2DF7B}
		{3B456F2E-6EDD-440C-BF55-7ED18E1061AA} = {836618A0-BC1E-4752-9837-416E3043DDA0}
		{41614C74-3083-4E73-97A7-7A411AAAF2AD} = {836618A0-BC1E-4752-9837-416E3043DDA0}
		{045415C7-CE5F-4AE8-8CBC-B2C05EFF190B} = {ECE13AE6-DA0C-4EEC-83C3-45FBF5360025}
	EndGlobalSection
	GlobalSection(ExtensibilityGlobals) = postSolution
		SolutionGuid = {F456D277-0EF6-4305-9000-9DEB331DF34E}
	EndGlobalSection
EndGlobal
